
Microsoft Visual Studio Solution File, Format Version 12.00
# Visual Studio Version 16
VisualStudioVersion = 16.0.29102.190
MinimumVisualStudioVersion = 10.0.40219.1
Project("{FAE04EC0-301F-11D3-BF4B-00C04F79EFBC}") = "webAPI", "webAPI\webAPI.csproj", "{AB047C7D-2816-4121-8853-A845B81B2599}"
EndProject
Global
	GlobalSection(SolutionConfigurationPlatforms) = preSolution
		Debug|Any CPU = Debug|Any CPU
		Release|Any CPU = Release|Any CPU
	EndGlobalSection
	GlobalSection(ProjectConfigurationPlatforms) = postSolution
		{AB047C7D-2816-4121-8853-A845B81B2599}.Debug|Any CPU.ActiveCfg = Debug|Any CPU
		{AB047C7D-2816-4121-8853-A845B81B2599}.Debug|Any CPU.Build.0 = Debug|Any CPU
		{AB047C7D-2816-4121-8853-A845B81B2599}.Release|Any CPU.ActiveCfg = Release|Any CPU
		{AB047C7D-2816-4121-8853-A845B81B2599}.Release|Any CPU.Build.0 = Release|Any CPU
	EndGlobalSection
	GlobalSection(SolutionProperties) = preSolution
		HideSolutionNode = FALSE
	EndGlobalSection
	GlobalSection(ExtensibilityGlobals) = postSolution
		SolutionGuid = {79704458-42EB-41FF-AB8A-31B0E99ABF28}
	EndGlobalSection
EndGlobal
